PODS:
  - React (0.26.3):
    - React/Core (= 0.26.3)
  - React/Core (0.26.3)
  - TZImagePickerController (1.4.5)

DEPENDENCIES:
  - React (from `../../liaoyuan-app/liaoyuanApp/node_modules/react-native`)
  - TZImagePickerController (= 1.4.5)

EXTERNAL SOURCES:
  React:
    :path: "../../liaoyuan-app/liaoyuanApp/node_modules/react-native"

SPEC CHECKSUMS:
  React: 82b64b37b7ad5895b902b33bc7d5a49dbc22793e
  TZImagePickerController: 046f172ad54add0ce358dfae932d9183b7fafd03

PODFILE CHECKSUM: 8a08ab10658b1626c0c10c9c05a459651ca3bc6b

COCOAPODS: 1.0.0
