// !$*UTF8*$!
{
	archiveVersion = 1;
	classes = {
	};
	objectVersion = 46;
	objects = {

/* Begin PBXBuildFile section */
		9C196D601FEC18720040A367 /* RCTMultipleImagePicker.h in Sources */ = {isa = PBXBuildFile; fileRef = 9F94BE921D187EF500602E33 /* RCTMultipleImagePicker.h */; };
		9C196DC01FEC27FB0040A367 /* TZImagePickerController.framework in Frameworks */ = {isa = PBXBuildFile; fileRef = 9C196D5D1FEC18540040A367 /* TZImagePickerController.framework */; };
		9F94BF341D18AAEC00602E33 /* RCTMultipleImagePicker.m in Sources */ = {isa = PBXBuildFile; fileRef = 9F94BE941D187EF500602E33 /* RCTMultipleImagePicker.m */; };
/* End PBXBuildFile section */

/* Begin PBXContainerItemProxy section */
		9C196D561FEC18540040A367 /* PBXContainerItemProxy */ = {
			isa = PBXContainerItemProxy;
			containerPortal = 9C196D4F1FEC18540040A367 /* TZImagePickerController.xcodeproj */;
			proxyType = 2;
			remoteGlobalIDString = 900E657C1C2BB8D5003D9A9E;
			remoteInfo = TZImagePickerController;
		};
		9C196D581FEC18540040A367 /* PBXContainerItemProxy */ = {
			isa = PBXContainerItemProxy;
			containerPortal = 9C196D4F1FEC18540040A367 /* TZImagePickerController.xcodeproj */;
			proxyType = 2;
			remoteGlobalIDString = 900E65951C2BB8D5003D9A9E;
			remoteInfo = TZImagePickerControllerTests;
		};
		9C196D5A1FEC18540040A367 /* PBXContainerItemProxy */ = {
			isa = PBXContainerItemProxy;
			containerPortal = 9C196D4F1FEC18540040A367 /* TZImagePickerController.xcodeproj */;
			proxyType = 2;
			remoteGlobalIDString = 900E65A01C2BB8D5003D9A9E;
			remoteInfo = TZImagePickerControllerUITests;
		};
		9C196D5C1FEC18540040A367 /* PBXContainerItemProxy */ = {
			isa = PBXContainerItemProxy;
			containerPortal = 9C196D4F1FEC18540040A367 /* TZImagePickerController.xcodeproj */;
			proxyType = 2;
			remoteGlobalIDString = 9F763A421FA071CF00D9E526;
			remoteInfo = TZImagePickerControllerFramework;
		};
		9C196D5E1FEC186D0040A367 /* PBXContainerItemProxy */ = {
			isa = PBXContainerItemProxy;
			containerPortal = 9C196D4F1FEC18540040A367 /* TZImagePickerController.xcodeproj */;
			proxyType = 1;
			remoteGlobalIDString = 9F763A411FA071CF00D9E526;
			remoteInfo = TZImagePickerControllerFramework;
		};
/* End PBXContainerItemProxy section */

/* Begin PBXCopyFilesBuildPhase section */
		9F94BEE91D18A40000602E33 /* CopyFiles */ = {
			isa = PBXCopyFilesBuildPhase;
			buildActionMask = 2147483647;
			dstPath = "include/$(PRODUCT_NAME)";
			dstSubfolderSpec = 16;
			files = (
			);
			runOnlyForDeploymentPostprocessing = 0;
		};
/* End PBXCopyFilesBuildPhase section */

/* Begin PBXFileReference section */
		9C196D4F1FEC18540040A367 /* TZImagePickerController.xcodeproj */ = {isa = PBXFileReference; lastKnownFileType = "wrapper.pb-project"; name = TZImagePickerController.xcodeproj; path = TZImagePickerController/TZImagePickerController.xcodeproj; sourceTree = "<group>"; };
		9F94BE921D187EF500602E33 /* RCTMultipleImagePicker.h */ = {isa = PBXFileReference; lastKnownFileType = sourcecode.c.h; path = RCTMultipleImagePicker.h; sourceTree = "<group>"; };
		9F94BE941D187EF500602E33 /* RCTMultipleImagePicker.m */ = {isa = PBXFileReference; lastKnownFileType = sourcecode.c.objc; path = RCTMultipleImagePicker.m; sourceTree = "<group>"; };
		9F94BEEB1D18A40000602E33 /* libRCTMultipleImagePicker.a */ = {isa = PBXFileReference; explicitFileType = archive.ar; includeInIndex = 0; path = libRCTMultipleImagePicker.a; sourceTree = BUILT_PRODUCTS_DIR; };
/* End PBXFileReference section */

/* Begin PBXFrameworksBuildPhase section */
		9F94BEE81D18A40000602E33 /* Frameworks */ = {
			isa = PBXFrameworksBuildPhase;
			buildActionMask = 2147483647;
			files = (
				9C196DC01FEC27FB0040A367 /* TZImagePickerController.framework in Frameworks */,
			);
			runOnlyForDeploymentPostprocessing = 0;
		};
/* End PBXFrameworksBuildPhase section */

/* Begin PBXGroup section */
		9C196D501FEC18540040A367 /* Products */ = {
			isa = PBXGroup;
			children = (
				9C196D571FEC18540040A367 /* TZImagePickerController.app */,
				9C196D591FEC18540040A367 /* TZImagePickerControllerTests.xctest */,
				9C196D5B1FEC18540040A367 /* TZImagePickerControllerUITests.xctest */,
				9C196D5D1FEC18540040A367 /* TZImagePickerController.framework */,
			);
			name = Products;
			sourceTree = "<group>";
		};
		9C196DBC1FEC27FB0040A367 /* Frameworks */ = {
			isa = PBXGroup;
			children = (
			);
			name = Frameworks;
			sourceTree = "<group>";
		};
		9C196DC11FEC29320040A367 /* Products */ = {
			isa = PBXGroup;
			children = (
			);
			path = Products;
			sourceTree = "<group>";
		};
		9F94BE671D187A7300602E33 = {
			isa = PBXGroup;
			children = (
				9C196DC11FEC29320040A367 /* Products */,
				9F94BEEB1D18A40000602E33 /* libRCTMultipleImagePicker.a */,
				9FA5B42C1D18E562007FE68B /* Libraries */,
				9F94BE911D187EF500602E33 /* RCTMultipleImagePicker */,
				9C196DBC1FEC27FB0040A367 /* Frameworks */,
			);
			sourceTree = "<group>";
		};
		9F94BE911D187EF500602E33 /* RCTMultipleImagePicker */ = {
			isa = PBXGroup;
			children = (
				9F94BE921D187EF500602E33 /* RCTMultipleImagePicker.h */,
				9F94BE941D187EF500602E33 /* RCTMultipleImagePicker.m */,
			);
			path = RCTMultipleImagePicker;
			sourceTree = "<group>";
		};
		9FA5B42C1D18E562007FE68B /* Libraries */ = {
			isa = PBXGroup;
			children = (
				9C196D4F1FEC18540040A367 /* TZImagePickerController.xcodeproj */,
			);
			name = Libraries;
			sourceTree = "<group>";
		};
/* End PBXGroup section */

/* Begin PBXNativeTarget section */
		9F94BEEA1D18A40000602E33 /* RCTMultipleImagePicker */ = {
			isa = PBXNativeTarget;
			buildConfigurationList = 9F94BEF11D18A40000602E33 /* Build configuration list for PBXNativeTarget "RCTMultipleImagePicker" */;
			buildPhases = (
				9F94BEE71D18A40000602E33 /* Sources */,
				9F94BEE81D18A40000602E33 /* Frameworks */,
				9F94BEE91D18A40000602E33 /* CopyFiles */,
			);
			buildRules = (
			);
			dependencies = (
				9C196D5F1FEC186D0040A367 /* PBXTargetDependency */,
			);
			name = RCTMultipleImagePicker;
			productName = RCTMultipleImagePicker;
			productReference = 9F94BEEB1D18A40000602E33 /* libRCTMultipleImagePicker.a */;
			productType = "com.apple.product-type.library.static";
		};
/* End PBXNativeTarget section */

/* Begin PBXProject section */
		9F94BE681D187A7300602E33 /* Project object */ = {
			isa = PBXProject;
			attributes = {
				LastUpgradeCheck = 0730;
				TargetAttributes = {
					9F94BEEA1D18A40000602E33 = {
						CreatedOnToolsVersion = 7.3.1;
					};
				};
			};
			buildConfigurationList = 9F94BE6B1D187A7300602E33 /* Build configuration list for PBXProject "RCTMultipleImagePicker" */;
			compatibilityVersion = "Xcode 3.2";
			developmentRegion = English;
			hasScannedForEncodings = 0;
			knownRegions = (
				en,
			);
			mainGroup = 9F94BE671D187A7300602E33;
			productRefGroup = 9F94BE671D187A7300602E33;
			projectDirPath = "";
			projectReferences = (
				{
					ProductGroup = 9C196D501FEC18540040A367 /* Products */;
					ProjectRef = 9C196D4F1FEC18540040A367 /* TZImagePickerController.xcodeproj */;
				},
			);
			projectRoot = "";
			targets = (
				9F94BEEA1D18A40000602E33 /* RCTMultipleImagePicker */,
			);
		};
/* End PBXProject section */

/* Begin PBXReferenceProxy section */
		9C196D571FEC18540040A367 /* TZImagePickerController.app */ = {
			isa = PBXReferenceProxy;
			fileType = wrapper.application;
			path = TZImagePickerController.app;
			remoteRef = 9C196D561FEC18540040A367 /* PBXContainerItemProxy */;
			sourceTree = BUILT_PRODUCTS_DIR;
		};
		9C196D591FEC18540040A367 /* TZImagePickerControllerTests.xctest */ = {
			isa = PBXReferenceProxy;
			fileType = wrapper.cfbundle;
			path = TZImagePickerControllerTests.xctest;
			remoteRef = 9C196D581FEC18540040A367 /* PBXContainerItemProxy */;
			sourceTree = BUILT_PRODUCTS_DIR;
		};
		9C196D5B1FEC18540040A367 /* TZImagePickerControllerUITests.xctest */ = {
			isa = PBXReferenceProxy;
			fileType = wrapper.cfbundle;
			path = TZImagePickerControllerUITests.xctest;
			remoteRef = 9C196D5A1FEC18540040A367 /* PBXContainerItemProxy */;
			sourceTree = BUILT_PRODUCTS_DIR;
		};
		9C196D5D1FEC18540040A367 /* TZImagePickerController.framework */ = {
			isa = PBXReferenceProxy;
			fileType = wrapper.framework;
			path = TZImagePickerController.framework;
			remoteRef = 9C196D5C1FEC18540040A367 /* PBXContainerItemProxy */;
			sourceTree = BUILT_PRODUCTS_DIR;
		};
/* End PBXReferenceProxy section */

/* Begin PBXSourcesBuildPhase section */
		9F94BEE71D18A40000602E33 /* Sources */ = {
			isa = PBXSourcesBuildPhase;
			buildActionMask = 2147483647;
			files = (
				9C196D601FEC18720040A367 /* RCTMultipleImagePicker.h in Sources */,
				9F94BF341D18AAEC00602E33 /* RCTMultipleImagePicker.m in Sources */,
			);
			runOnlyForDeploymentPostprocessing = 0;
		};
/* End PBXSourcesBuildPhase section */

/* Begin PBXTargetDependency section */
		9C196D5F1FEC186D0040A367 /* PBXTargetDependency */ = {
			isa = PBXTargetDependency;
			name = TZImagePickerControllerFramework;
			targetProxy = 9C196D5E1FEC186D0040A367 /* PBXContainerItemProxy */;
		};
/* End PBXTargetDependency section */

/* Begin XCBuildConfiguration section */
		9F94BE6C1D187A7300602E33 /* Debug */ = {
			isa = XCBuildConfiguration;
			buildSettings = {
				HEADER_SEARCH_PATHS = (
					"$(SRCROOT)/../../node_modules/react-native/React/**",
					"$(SRCROOT)/../../react-native/React/**",
					"$(SRCROOT)/../Example/node_modules/react-native/React/**",
				);
				OTHER_LDFLAGS = "-ObjC";
				PRODUCT_NAME = "$(TARGET_NAME)";
				SKIP_INSTALL = YES;
			};
			name = Debug;
		};
		9F94BE6D1D187A7300602E33 /* Release */ = {
			isa = XCBuildConfiguration;
			buildSettings = {
				HEADER_SEARCH_PATHS = (
					"$(SRCROOT)/../../node_modules/react-native/React/**",
					"$(SRCROOT)/../../react-native/React/**",
					"$(SRCROOT)/../Example/node_modules/react-native/React/**",
				);
				OTHER_LDFLAGS = "-ObjC";
				PRODUCT_NAME = "$(TARGET_NAME)";
				SKIP_INSTALL = YES;
			};
			name = Release;
		};
		9F94BEF21D18A40000602E33 /* Debug */ = {
			isa = XCBuildConfiguration;
			buildSettings = {
				ALWAYS_SEARCH_USER_PATHS = NO;
				CLANG_ANALYZER_NONNULL = YES;
				CLANG_CXX_LANGUAGE_STANDARD = "gnu++0x";
				CLANG_CXX_LIBRARY = "libc++";
				CLANG_ENABLE_MODULES = YES;
				CLANG_ENABLE_OBJC_ARC = YES;
				CLANG_WARN_BOOL_CONVERSION = YES;
				CLANG_WARN_CONSTANT_CONVERSION = YES;
				CLANG_WARN_DIRECT_OBJC_ISA_USAGE = YES_ERROR;
				CLANG_WARN_EMPTY_BODY = YES;
				CLANG_WARN_ENUM_CONVERSION = YES;
				CLANG_WARN_INT_CONVERSION = YES;
				CLANG_WARN_OBJC_ROOT_CLASS = YES_ERROR;
				CLANG_WARN_UNREACHABLE_CODE = YES;
				CLANG_WARN__DUPLICATE_METHOD_MATCH = YES;
				"CODE_SIGN_IDENTITY[sdk=iphoneos*]" = "iPhone Developer";
				COPY_PHASE_STRIP = NO;
				DEBUG_INFORMATION_FORMAT = dwarf;
				ENABLE_STRICT_OBJC_MSGSEND = YES;
				ENABLE_TESTABILITY = YES;
				GCC_C_LANGUAGE_STANDARD = gnu99;
				GCC_DYNAMIC_NO_PIC = NO;
				GCC_NO_COMMON_BLOCKS = YES;
				GCC_OPTIMIZATION_LEVEL = 0;
				GCC_PREPROCESSOR_DEFINITIONS = (
					"DEBUG=1",
					"$(inherited)",
				);
				GCC_WARN_64_TO_32_BIT_CONVERSION = YES;
				GCC_WARN_ABOUT_RETURN_TYPE = YES_ERROR;
				GCC_WARN_UNDECLARED_SELECTOR = YES;
				GCC_WARN_UNINITIALIZED_AUTOS = YES_AGGRESSIVE;
				GCC_WARN_UNUSED_FUNCTION = YES;
				GCC_WARN_UNUSED_VARIABLE = YES;
				HEADER_SEARCH_PATHS = (
					"$(SRCROOT)/../node_modules/react-native/React/**",
					"$(SRCROOT)/../../react-native/React/**",
					"$(inherited)/**",
					"$(SRCROOT)/TZImagePickerController/**",
				);
				IPHONEOS_DEPLOYMENT_TARGET = 8.0;
				MTL_ENABLE_DEBUG_INFO = YES;
				ONLY_ACTIVE_ARCH = YES;
				OTHER_LDFLAGS = "-ObjC";
				PRODUCT_NAME = "$(TARGET_NAME)";
				SDKROOT = iphoneos;
				SKIP_INSTALL = YES;
			};
			name = Debug;
		};
		9F94BEF31D18A40000602E33 /* Release */ = {
			isa = XCBuildConfiguration;
			buildSettings = {
				ALWAYS_SEARCH_USER_PATHS = NO;
				CLANG_ANALYZER_NONNULL = YES;
				CLANG_CXX_LANGUAGE_STANDARD = "gnu++0x";
				CLANG_CXX_LIBRARY = "libc++";
				CLANG_ENABLE_MODULES = YES;
				CLANG_ENABLE_OBJC_ARC = YES;
				CLANG_WARN_BOOL_CONVERSION = YES;
				CLANG_WARN_CONSTANT_CONVERSION = YES;
				CLANG_WARN_DIRECT_OBJC_ISA_USAGE = YES_ERROR;
				CLANG_WARN_EMPTY_BODY = YES;
				CLANG_WARN_ENUM_CONVERSION = YES;
				CLANG_WARN_INT_CONVERSION = YES;
				CLANG_WARN_OBJC_ROOT_CLASS = YES_ERROR;
				CLANG_WARN_UNREACHABLE_CODE = YES;
				CLANG_WARN__DUPLICATE_METHOD_MATCH = YES;
				"CODE_SIGN_IDENTITY[sdk=iphoneos*]" = "iPhone Developer";
				COPY_PHASE_STRIP = NO;
				DEBUG_INFORMATION_FORMAT = "dwarf-with-dsym";
				ENABLE_NS_ASSERTIONS = NO;
				ENABLE_STRICT_OBJC_MSGSEND = YES;
				GCC_C_LANGUAGE_STANDARD = gnu99;
				GCC_NO_COMMON_BLOCKS = YES;
				GCC_WARN_64_TO_32_BIT_CONVERSION = YES;
				GCC_WARN_ABOUT_RETURN_TYPE = YES_ERROR;
				GCC_WARN_UNDECLARED_SELECTOR = YES;
				GCC_WARN_UNINITIALIZED_AUTOS = YES_AGGRESSIVE;
				GCC_WARN_UNUSED_FUNCTION = YES;
				GCC_WARN_UNUSED_VARIABLE = YES;
				HEADER_SEARCH_PATHS = (
					"$(SRCROOT)/../node_modules/react-native/React/**",
					"$(SRCROOT)/../../react-native/React/**",
					"$(inherited)/**",
					"$(SRCROOT)/TZImagePickerController/**",
				);
				IPHONEOS_DEPLOYMENT_TARGET = 8.0;
				MTL_ENABLE_DEBUG_INFO = NO;
				OTHER_LDFLAGS = "-ObjC";
				PRODUCT_NAME = "$(TARGET_NAME)";
				SDKROOT = iphoneos;
				SKIP_INSTALL = YES;
				VALIDATE_PRODUCT = YES;
			};
			name = Release;
		};
/* End XCBuildConfiguration section */

/* Begin XCConfigurationList section */
		9F94BE6B1D187A7300602E33 /* Build configuration list for PBXProject "RCTMultipleImagePicker" */ = {
			isa = XCConfigurationList;
			buildConfigurations = (
				9F94BE6C1D187A7300602E33 /* Debug */,
				9F94BE6D1D187A7300602E33 /* Release */,
			);
			defaultConfigurationIsVisible = 0;
			defaultConfigurationName = Release;
		};
		9F94BEF11D18A40000602E33 /* Build configuration list for PBXNativeTarget "RCTMultipleImagePicker" */ = {
			isa = XCConfigurationList;
			buildConfigurations = (
				9F94BEF21D18A40000602E33 /* Debug */,
				9F94BEF31D18A40000602E33 /* Release */,
			);
			defaultConfigurationIsVisible = 0;
			defaultConfigurationName = Release;
		};
/* End XCConfigurationList section */
	};
	rootObject = 9F94BE681D187A7300602E33 /* Project object */;
}
