// !$*UTF8*$!
{
	archiveVersion = 1;
	classes = {
	};
	objectVersion = 46;
	objects = {

/* Begin PBXBuildFile section */
		9C196D601FEC18720040A367 /* RCTMultipleImagePicker.h in Sources */ = {isa = PBXBuildFile; fileRef = 9F94BE921D187EF500602E33 /* RCTMultipleImagePicker.h */; };
		9C3FED411FF36401009BC936 /* TZImagePickerController.framework in Frameworks */ = {isa = PBXBuildFile; fileRef = 9C3FED401FF36401009BC936 /* TZImagePickerController.framework */; };
		9F94BF341D18AAEC00602E33 /* RCTMultipleImagePicker.m in Sources */ = {isa = PBXBuildFile; fileRef = 9F94BE941D187EF500602E33 /* RCTMultipleImagePicker.m */; };
/* End PBXBuildFile section */

/* Begin PBXContainerItemProxy section */
		9CAA39121FF368A300124EC3 /* PBXContainerItemProxy */ = {
			isa = PBXContainerItemProxy;
			containerPortal = 9CAA39011FF368A300124EC3 /* React.xcodeproj */;
			proxyType = 2;
			remoteGlobalIDString = 83CBBA2E1A601D0E00E9B192;
			remoteInfo = React;
		};
		9CAA39141FF368A300124EC3 /* PBXContainerItemProxy */ = {
			isa = PBXContainerItemProxy;
			containerPortal = 9CAA39011FF368A300124EC3 /* React.xcodeproj */;
			proxyType = 2;
			remoteGlobalIDString = 2D2A28131D9B038B00D4039D;
			remoteInfo = "React-tvOS";
		};
		9CAA39161FF368A300124EC3 /* PBXContainerItemProxy */ = {
			isa = PBXContainerItemProxy;
			containerPortal = 9CAA39011FF368A300124EC3 /* React.xcodeproj */;
			proxyType = 2;
			remoteGlobalIDString = 3D3C059A1DE3340900C268FA;
			remoteInfo = yoga;
		};
		9CAA39181FF368A300124EC3 /* PBXContainerItemProxy */ = {
			isa = PBXContainerItemProxy;
			containerPortal = 9CAA39011FF368A300124EC3 /* React.xcodeproj */;
			proxyType = 2;
			remoteGlobalIDString = 3D3C06751DE3340C00C268FA;
			remoteInfo = "yoga-tvOS";
		};
		9CAA391A1FF368A300124EC3 /* PBXContainerItemProxy */ = {
			isa = PBXContainerItemProxy;
			containerPortal = 9CAA39011FF368A300124EC3 /* React.xcodeproj */;
			proxyType = 2;
			remoteGlobalIDString = 3D3CD9251DE5FBEC00167DC4;
			remoteInfo = cxxreact;
		};
		9CAA391C1FF368A300124EC3 /* PBXContainerItemProxy */ = {
			isa = PBXContainerItemProxy;
			containerPortal = 9CAA39011FF368A300124EC3 /* React.xcodeproj */;
			proxyType = 2;
			remoteGlobalIDString = 3D3CD9321DE5FBEE00167DC4;
			remoteInfo = "cxxreact-tvOS";
		};
		9CAA391E1FF368A300124EC3 /* PBXContainerItemProxy */ = {
			isa = PBXContainerItemProxy;
			containerPortal = 9CAA39011FF368A300124EC3 /* React.xcodeproj */;
			proxyType = 2;
			remoteGlobalIDString = 3D3CD90B1DE5FBD600167DC4;
			remoteInfo = jschelpers;
		};
		9CAA39201FF368A300124EC3 /* PBXContainerItemProxy */ = {
			isa = PBXContainerItemProxy;
			containerPortal = 9CAA39011FF368A300124EC3 /* React.xcodeproj */;
			proxyType = 2;
			remoteGlobalIDString = 3D3CD9181DE5FBD800167DC4;
			remoteInfo = "jschelpers-tvOS";
		};
		9CAA39221FF368A300124EC3 /* PBXContainerItemProxy */ = {
			isa = PBXContainerItemProxy;
			containerPortal = 9CAA39011FF368A300124EC3 /* React.xcodeproj */;
			proxyType = 2;
			remoteGlobalIDString = 139D7ECE1E25DB7D00323FB7;
			remoteInfo = "third-party";
		};
		9CAA39241FF368A300124EC3 /* PBXContainerItemProxy */ = {
			isa = PBXContainerItemProxy;
			containerPortal = 9CAA39011FF368A300124EC3 /* React.xcodeproj */;
			proxyType = 2;
			remoteGlobalIDString = 3D383D3C1EBD27B6005632C8;
			remoteInfo = "third-party-tvOS";
		};
		9CAA39261FF368A300124EC3 /* PBXContainerItemProxy */ = {
			isa = PBXContainerItemProxy;
			containerPortal = 9CAA39011FF368A300124EC3 /* React.xcodeproj */;
			proxyType = 2;
			remoteGlobalIDString = 139D7E881E25C6D100323FB7;
			remoteInfo = "double-conversion";
		};
		9CAA39281FF368A300124EC3 /* PBXContainerItemProxy */ = {
			isa = PBXContainerItemProxy;
			containerPortal = 9CAA39011FF368A300124EC3 /* React.xcodeproj */;
			proxyType = 2;
			remoteGlobalIDString = 3D383D621EBD27B9005632C8;
			remoteInfo = "double-conversion-tvOS";
		};
		9CAA392A1FF368A300124EC3 /* PBXContainerItemProxy */ = {
			isa = PBXContainerItemProxy;
			containerPortal = 9CAA39011FF368A300124EC3 /* React.xcodeproj */;
			proxyType = 2;
			remoteGlobalIDString = 9936F3131F5F2E4B0010BF04;
			remoteInfo = privatedata;
		};
		9CAA392C1FF368A300124EC3 /* PBXContainerItemProxy */ = {
			isa = PBXContainerItemProxy;
			containerPortal = 9CAA39011FF368A300124EC3 /* React.xcodeproj */;
			proxyType = 2;
			remoteGlobalIDString = 9936F32F1F5F2E5B0010BF04;
			remoteInfo = "privatedata-tvOS";
		};
/* End PBXContainerItemProxy section */

/* Begin PBXCopyFilesBuildPhase section */
		9F94BEE91D18A40000602E33 /* CopyFiles */ = {
			isa = PBXCopyFilesBuildPhase;
			buildActionMask = 2147483647;
			dstPath = "include/$(PRODUCT_NAME)";
			dstSubfolderSpec = 11;
			files = (
			);
			runOnlyForDeploymentPostprocessing = 0;
		};
/* End PBXCopyFilesBuildPhase section */

/* Begin PBXFileReference section */
		9C3FED401FF36401009BC936 /* TZImagePickerController.framework */ = {isa = PBXFileReference; lastKnownFileType = wrapper.framework; path = TZImagePickerController.framework; sourceTree = "<group>"; };
		9CAA39011FF368A300124EC3 /* React.xcodeproj */ = {isa = PBXFileReference; lastKnownFileType = "wrapper.pb-project"; name = React.xcodeproj; path = "../node_modules/react-native/React/React.xcodeproj"; sourceTree = "<group>"; };
		9F94BE921D187EF500602E33 /* RCTMultipleImagePicker.h */ = {isa = PBXFileReference; lastKnownFileType = sourcecode.c.h; path = RCTMultipleImagePicker.h; sourceTree = "<group>"; };
		9F94BE941D187EF500602E33 /* RCTMultipleImagePicker.m */ = {isa = PBXFileReference; lastKnownFileType = sourcecode.c.objc; path = RCTMultipleImagePicker.m; sourceTree = "<group>"; };
		9F94BEEB1D18A40000602E33 /* libRCTMultipleImagePicker.a */ = {isa = PBXFileReference; explicitFileType = archive.ar; includeInIndex = 0; path = libRCTMultipleImagePicker.a; sourceTree = BUILT_PRODUCTS_DIR; };
/* End PBXFileReference section */

/* Begin PBXFrameworksBuildPhase section */
		9F94BEE81D18A40000602E33 /* Frameworks */ = {
			isa = PBXFrameworksBuildPhase;
			buildActionMask = 2147483647;
			files = (
				9C3FED411FF36401009BC936 /* TZImagePickerController.framework in Frameworks */,
			);
			runOnlyForDeploymentPostprocessing = 0;
		};
/* End PBXFrameworksBuildPhase section */

/* Begin PBXGroup section */
		9CAA39021FF368A300124EC3 /* Products */ = {
			isa = PBXGroup;
			children = (
				9CAA39131FF368A300124EC3 /* libReact.a */,
				9CAA39151FF368A300124EC3 /* libReact.a */,
				9CAA39171FF368A300124EC3 /* libyoga.a */,
				9CAA39191FF368A300124EC3 /* libyoga.a */,
				9CAA391B1FF368A300124EC3 /* libcxxreact.a */,
				9CAA391D1FF368A300124EC3 /* libcxxreact.a */,
				9CAA391F1FF368A300124EC3 /* libjschelpers.a */,
				9CAA39211FF368A300124EC3 /* libjschelpers.a */,
				9CAA39231FF368A300124EC3 /* libthird-party.a */,
				9CAA39251FF368A300124EC3 /* libthird-party.a */,
				9CAA39271FF368A300124EC3 /* libdouble-conversion.a */,
				9CAA39291FF368A300124EC3 /* libdouble-conversion.a */,
				9CAA392B1FF368A300124EC3 /* libprivatedata.a */,
				9CAA392D1FF368A300124EC3 /* libprivatedata-tvOS.a */,
			);
			name = Products;
			sourceTree = "<group>";
		};
		9F94BE671D187A7300602E33 = {
			isa = PBXGroup;
			children = (
				9C3FED401FF36401009BC936 /* TZImagePickerController.framework */,
				9F94BEEB1D18A40000602E33 /* libRCTMultipleImagePicker.a */,
				9FA5B42C1D18E562007FE68B /* Libraries */,
				9F94BE911D187EF500602E33 /* RCTMultipleImagePicker */,
			);
			sourceTree = "<group>";
		};
		9F94BE911D187EF500602E33 /* RCTMultipleImagePicker */ = {
			isa = PBXGroup;
			children = (
				9F94BE921D187EF500602E33 /* RCTMultipleImagePicker.h */,
				9F94BE941D187EF500602E33 /* RCTMultipleImagePicker.m */,
			);
			path = RCTMultipleImagePicker;
			sourceTree = "<group>";
		};
		9FA5B42C1D18E562007FE68B /* Libraries */ = {
			isa = PBXGroup;
			children = (
				9CAA39011FF368A300124EC3 /* React.xcodeproj */,
			);
			name = Libraries;
			sourceTree = "<group>";
		};
/* End PBXGroup section */

/* Begin PBXNativeTarget section */
		9F94BEEA1D18A40000602E33 /* RCTMultipleImagePicker */ = {
			isa = PBXNativeTarget;
			buildConfigurationList = 9F94BEF11D18A40000602E33 /* Build configuration list for PBXNativeTarget "RCTMultipleImagePicker" */;
			buildPhases = (
				9F94BEE71D18A40000602E33 /* Sources */,
				9F94BEE81D18A40000602E33 /* Frameworks */,
				9F94BEE91D18A40000602E33 /* CopyFiles */,
			);
			buildRules = (
			);
			dependencies = (
			);
			name = RCTMultipleImagePicker;
			productName = RCTMultipleImagePicker;
			productReference = 9F94BEEB1D18A40000602E33 /* libRCTMultipleImagePicker.a */;
			productType = "com.apple.product-type.library.static";
		};
/* End PBXNativeTarget section */

/* Begin PBXProject section */
		9F94BE681D187A7300602E33 /* Project object */ = {
			isa = PBXProject;
			attributes = {
				LastUpgradeCheck = 0730;
				TargetAttributes = {
					9F94BEEA1D18A40000602E33 = {
						CreatedOnToolsVersion = 7.3.1;
					};
				};
			};
			buildConfigurationList = 9F94BE6B1D187A7300602E33 /* Build configuration list for PBXProject "RCTMultipleImagePicker" */;
			compatibilityVersion = "Xcode 3.2";
			developmentRegion = English;
			hasScannedForEncodings = 0;
			knownRegions = (
				en,
			);
			mainGroup = 9F94BE671D187A7300602E33;
			productRefGroup = 9F94BE671D187A7300602E33;
			projectDirPath = "";
			projectReferences = (
				{
					ProductGroup = 9CAA39021FF368A300124EC3 /* Products */;
					ProjectRef = 9CAA39011FF368A300124EC3 /* React.xcodeproj */;
				},
			);
			projectRoot = "";
			targets = (
				9F94BEEA1D18A40000602E33 /* RCTMultipleImagePicker */,
			);
		};
/* End PBXProject section */

/* Begin PBXReferenceProxy section */
		9CAA39131FF368A300124EC3 /* libReact.a */ = {
			isa = PBXReferenceProxy;
			fileType = archive.ar;
			path = libReact.a;
			remoteRef = 9CAA39121FF368A300124EC3 /* PBXContainerItemProxy */;
			sourceTree = BUILT_PRODUCTS_DIR;
		};
		9CAA39151FF368A300124EC3 /* libReact.a */ = {
			isa = PBXReferenceProxy;
			fileType = archive.ar;
			path = libReact.a;
			remoteRef = 9CAA39141FF368A300124EC3 /* PBXContainerItemProxy */;
			sourceTree = BUILT_PRODUCTS_DIR;
		};
		9CAA39171FF368A300124EC3 /* libyoga.a */ = {
			isa = PBXReferenceProxy;
			fileType = archive.ar;
			path = libyoga.a;
			remoteRef = 9CAA39161FF368A300124EC3 /* PBXContainerItemProxy */;
			sourceTree = BUILT_PRODUCTS_DIR;
		};
		9CAA39191FF368A300124EC3 /* libyoga.a */ = {
			isa = PBXReferenceProxy;
			fileType = archive.ar;
			path = libyoga.a;
			remoteRef = 9CAA39181FF368A300124EC3 /* PBXContainerItemProxy */;
			sourceTree = BUILT_PRODUCTS_DIR;
		};
		9CAA391B1FF368A300124EC3 /* libcxxreact.a */ = {
			isa = PBXReferenceProxy;
			fileType = archive.ar;
			path = libcxxreact.a;
			remoteRef = 9CAA391A1FF368A300124EC3 /* PBXContainerItemProxy */;
			sourceTree = BUILT_PRODUCTS_DIR;
		};
		9CAA391D1FF368A300124EC3 /* libcxxreact.a */ = {
			isa = PBXReferenceProxy;
			fileType = archive.ar;
			path = libcxxreact.a;
			remoteRef = 9CAA391C1FF368A300124EC3 /* PBXContainerItemProxy */;
			sourceTree = BUILT_PRODUCTS_DIR;
		};
		9CAA391F1FF368A300124EC3 /* libjschelpers.a */ = {
			isa = PBXReferenceProxy;
			fileType = archive.ar;
			path = libjschelpers.a;
			remoteRef = 9CAA391E1FF368A300124EC3 /* PBXContainerItemProxy */;
			sourceTree = BUILT_PRODUCTS_DIR;
		};
		9CAA39211FF368A300124EC3 /* libjschelpers.a */ = {
			isa = PBXReferenceProxy;
			fileType = archive.ar;
			path = libjschelpers.a;
			remoteRef = 9CAA39201FF368A300124EC3 /* PBXContainerItemProxy */;
			sourceTree = BUILT_PRODUCTS_DIR;
		};
		9CAA39231FF368A300124EC3 /* libthird-party.a */ = {
			isa = PBXReferenceProxy;
			fileType = archive.ar;
			path = "libthird-party.a";
			remoteRef = 9CAA39221FF368A300124EC3 /* PBXContainerItemProxy */;
			sourceTree = BUILT_PRODUCTS_DIR;
		};
		9CAA39251FF368A300124EC3 /* libthird-party.a */ = {
			isa = PBXReferenceProxy;
			fileType = archive.ar;
			path = "libthird-party.a";
			remoteRef = 9CAA39241FF368A300124EC3 /* PBXContainerItemProxy */;
			sourceTree = BUILT_PRODUCTS_DIR;
		};
		9CAA39271FF368A300124EC3 /* libdouble-conversion.a */ = {
			isa = PBXReferenceProxy;
			fileType = archive.ar;
			path = "libdouble-conversion.a";
			remoteRef = 9CAA39261FF368A300124EC3 /* PBXContainerItemProxy */;
			sourceTree = BUILT_PRODUCTS_DIR;
		};
		9CAA39291FF368A300124EC3 /* libdouble-conversion.a */ = {
			isa = PBXReferenceProxy;
			fileType = archive.ar;
			path = "libdouble-conversion.a";
			remoteRef = 9CAA39281FF368A300124EC3 /* PBXContainerItemProxy */;
			sourceTree = BUILT_PRODUCTS_DIR;
		};
		9CAA392B1FF368A300124EC3 /* libprivatedata.a */ = {
			isa = PBXReferenceProxy;
			fileType = archive.ar;
			path = libprivatedata.a;
			remoteRef = 9CAA392A1FF368A300124EC3 /* PBXContainerItemProxy */;
			sourceTree = BUILT_PRODUCTS_DIR;
		};
		9CAA392D1FF368A300124EC3 /* libprivatedata-tvOS.a */ = {
			isa = PBXReferenceProxy;
			fileType = archive.ar;
			path = "libprivatedata-tvOS.a";
			remoteRef = 9CAA392C1FF368A300124EC3 /* PBXContainerItemProxy */;
			sourceTree = BUILT_PRODUCTS_DIR;
		};
/* End PBXReferenceProxy section */

/* Begin PBXSourcesBuildPhase section */
		9F94BEE71D18A40000602E33 /* Sources */ = {
			isa = PBXSourcesBuildPhase;
			buildActionMask = 2147483647;
			files = (
				9C196D601FEC18720040A367 /* RCTMultipleImagePicker.h in Sources */,
				9F94BF341D18AAEC00602E33 /* RCTMultipleImagePicker.m in Sources */,
			);
			runOnlyForDeploymentPostprocessing = 0;
		};
/* End PBXSourcesBuildPhase section */

/* Begin XCBuildConfiguration section */
		9F94BE6C1D187A7300602E33 /* Debug */ = {
			isa = XCBuildConfiguration;
			buildSettings = {
				HEADER_SEARCH_PATHS = "";
				OTHER_LDFLAGS = "-ObjC";
				PRODUCT_NAME = "$(TARGET_NAME)";
				SKIP_INSTALL = YES;
			};
			name = Debug;
		};
		9F94BE6D1D187A7300602E33 /* Release */ = {
			isa = XCBuildConfiguration;
			buildSettings = {
				HEADER_SEARCH_PATHS = "";
				OTHER_LDFLAGS = "-ObjC";
				PRODUCT_NAME = "$(TARGET_NAME)";
				SKIP_INSTALL = YES;
			};
			name = Release;
		};
		9F94BEF21D18A40000602E33 /* Debug */ = {
			isa = XCBuildConfiguration;
			buildSettings = {
				ALWAYS_SEARCH_USER_PATHS = NO;
				CLANG_ANALYZER_NONNULL = YES;
				CLANG_CXX_LANGUAGE_STANDARD = "gnu++0x";
				CLANG_CXX_LIBRARY = "libc++";
				CLANG_ENABLE_MODULES = YES;
				CLANG_ENABLE_OBJC_ARC = YES;
				CLANG_WARN_BOOL_CONVERSION = YES;
				CLANG_WARN_CONSTANT_CONVERSION = YES;
				CLANG_WARN_DIRECT_OBJC_ISA_USAGE = YES_ERROR;
				CLANG_WARN_EMPTY_BODY = YES;
				CLANG_WARN_ENUM_CONVERSION = YES;
				CLANG_WARN_INT_CONVERSION = YES;
				CLANG_WARN_OBJC_ROOT_CLASS = YES_ERROR;
				CLANG_WARN_UNREACHABLE_CODE = YES;
				CLANG_WARN__DUPLICATE_METHOD_MATCH = YES;
				"CODE_SIGN_IDENTITY[sdk=iphoneos*]" = "iPhone Developer";
				COPY_PHASE_STRIP = NO;
				DEBUG_INFORMATION_FORMAT = dwarf;
				ENABLE_STRICT_OBJC_MSGSEND = YES;
				ENABLE_TESTABILITY = YES;
				FRAMEWORK_SEARCH_PATHS = (
					"$(inherited)",
					"$(PROJECT_DIR)",
				);
				GCC_C_LANGUAGE_STANDARD = gnu99;
				GCC_DYNAMIC_NO_PIC = NO;
				GCC_NO_COMMON_BLOCKS = YES;
				GCC_OPTIMIZATION_LEVEL = 0;
				GCC_PREPROCESSOR_DEFINITIONS = (
					"DEBUG=1",
					"$(inherited)",
				);
				GCC_WARN_64_TO_32_BIT_CONVERSION = YES;
				GCC_WARN_ABOUT_RETURN_TYPE = YES_ERROR;
				GCC_WARN_UNDECLARED_SELECTOR = YES;
				GCC_WARN_UNINITIALIZED_AUTOS = YES_AGGRESSIVE;
				GCC_WARN_UNUSED_FUNCTION = YES;
				GCC_WARN_UNUSED_VARIABLE = YES;
				HEADER_SEARCH_PATHS = (
					"$(inherited)/**",
					"$(SRCROOT)/../../react-native/React",
					"$(SRCROOT)/../node_modules/react-native/React",
					"$(SRCROOT)/TZImagePickerController.framework/Headers",
				);
				IPHONEOS_DEPLOYMENT_TARGET = 8.0;
				MTL_ENABLE_DEBUG_INFO = YES;
				ONLY_ACTIVE_ARCH = YES;
				OTHER_LDFLAGS = "-ObjC";
				PRODUCT_NAME = "$(TARGET_NAME)";
				SDKROOT = iphoneos;
				SKIP_INSTALL = YES;
			};
			name = Debug;
		};
		9F94BEF31D18A40000602E33 /* Release */ = {
			isa = XCBuildConfiguration;
			buildSettings = {
				ALWAYS_SEARCH_USER_PATHS = NO;
				CLANG_ANALYZER_NONNULL = YES;
				CLANG_CXX_LANGUAGE_STANDARD = "gnu++0x";
				CLANG_CXX_LIBRARY = "libc++";
				CLANG_ENABLE_MODULES = YES;
				CLANG_ENABLE_OBJC_ARC = YES;
				CLANG_WARN_BOOL_CONVERSION = YES;
				CLANG_WARN_CONSTANT_CONVERSION = YES;
				CLANG_WARN_DIRECT_OBJC_ISA_USAGE = YES_ERROR;
				CLANG_WARN_EMPTY_BODY = YES;
				CLANG_WARN_ENUM_CONVERSION = YES;
				CLANG_WARN_INT_CONVERSION = YES;
				CLANG_WARN_OBJC_ROOT_CLASS = YES_ERROR;
				CLANG_WARN_UNREACHABLE_CODE = YES;
				CLANG_WARN__DUPLICATE_METHOD_MATCH = YES;
				"CODE_SIGN_IDENTITY[sdk=iphoneos*]" = "iPhone Developer";
				COPY_PHASE_STRIP = NO;
				DEBUG_INFORMATION_FORMAT = "dwarf-with-dsym";
				ENABLE_NS_ASSERTIONS = NO;
				ENABLE_STRICT_OBJC_MSGSEND = YES;
				FRAMEWORK_SEARCH_PATHS = (
					"$(inherited)",
					"$(PROJECT_DIR)",
				);
				GCC_C_LANGUAGE_STANDARD = gnu99;
				GCC_NO_COMMON_BLOCKS = YES;
				GCC_WARN_64_TO_32_BIT_CONVERSION = YES;
				GCC_WARN_ABOUT_RETURN_TYPE = YES_ERROR;
				GCC_WARN_UNDECLARED_SELECTOR = YES;
				GCC_WARN_UNINITIALIZED_AUTOS = YES_AGGRESSIVE;
				GCC_WARN_UNUSED_FUNCTION = YES;
				GCC_WARN_UNUSED_VARIABLE = YES;
				HEADER_SEARCH_PATHS = (
					"$(inherited)/**",
					"$(SRCROOT)/../../react-native/React",
					"$(SRCROOT)/../node_modules/react-native/React",
					"$(SRCROOT)/TZImagePickerController.framework/Headers",
				);
				IPHONEOS_DEPLOYMENT_TARGET = 8.0;
				MTL_ENABLE_DEBUG_INFO = NO;
				OTHER_LDFLAGS = "-ObjC";
				PRODUCT_NAME = "$(TARGET_NAME)";
				SDKROOT = iphoneos;
				SKIP_INSTALL = YES;
				VALIDATE_PRODUCT = YES;
			};
			name = Release;
		};
/* End XCBuildConfiguration section */

/* Begin XCConfigurationList section */
		9F94BE6B1D187A7300602E33 /* Build configuration list for PBXProject "RCTMultipleImagePicker" */ = {
			isa = XCConfigurationList;
			buildConfigurations = (
				9F94BE6C1D187A7300602E33 /* Debug */,
				9F94BE6D1D187A7300602E33 /* Release */,
			);
			defaultConfigurationIsVisible = 0;
			defaultConfigurationName = Release;
		};
		9F94BEF11D18A40000602E33 /* Build configuration list for PBXNativeTarget "RCTMultipleImagePicker" */ = {
			isa = XCConfigurationList;
			buildConfigurations = (
				9F94BEF21D18A40000602E33 /* Debug */,
				9F94BEF31D18A40000602E33 /* Release */,
			);
			defaultConfigurationIsVisible = 0;
			defaultConfigurationName = Release;
		};
/* End XCConfigurationList section */
	};
	rootObject = 9F94BE681D187A7300602E33 /* Project object */;
}
