// !$*UTF8*$!
{
	archiveVersion = 1;
	classes = {
	};
	objectVersion = 46;
	objects = {

/* Begin PBXBuildFile section */
		9C0084C11E444A7F00BD25BB /* TZGifPhotoPreviewController.m in Sources */ = {isa = PBXBuildFile; fileRef = 9C0084BC1E444A7F00BD25BB /* TZGifPhotoPreviewController.m */; };
		9C0084C21E444A7F00BD25BB /* TZImageCropManager.m in Sources */ = {isa = PBXBuildFile; fileRef = 9C0084BE1E444A7F00BD25BB /* TZImageCropManager.m */; };
		9C0084C31E444A7F00BD25BB /* TZProgressView.m in Sources */ = {isa = PBXBuildFile; fileRef = 9C0084C01E444A7F00BD25BB /* TZProgressView.m */; };
		9F40B3EA1D776C5C00DED250 /* NSBundle+TZImagePicker.m in Sources */ = {isa = PBXBuildFile; fileRef = 9F40B3E91D776C5C00DED250 /* NSBundle+TZImagePicker.m */; };
		9F94BF341D18AAEC00602E33 /* RCTMultipleImagePicker.m in Sources */ = {isa = PBXBuildFile; fileRef = 9F94BE941D187EF500602E33 /* RCTMultipleImagePicker.m */; };
		9FA5B4461D18E588007FE68B /* TZAssetCell.m in Sources */ = {isa = PBXBuildFile; fileRef = 9FA5B4331D18E588007FE68B /* TZAssetCell.m */; };
		9FA5B4471D18E588007FE68B /* TZAssetModel.m in Sources */ = {isa = PBXBuildFile; fileRef = 9FA5B4351D18E588007FE68B /* TZAssetModel.m */; };
		9FA5B4481D18E588007FE68B /* TZImageManager.m in Sources */ = {isa = PBXBuildFile; fileRef = 9FA5B4371D18E588007FE68B /* TZImageManager.m */; };
		9FA5B4491D18E588007FE68B /* TZImagePickerController.m in Sources */ = {isa = PBXBuildFile; fileRef = 9FA5B43A1D18E588007FE68B /* TZImagePickerController.m */; };
		9FA5B44A1D18E588007FE68B /* TZPhotoPickerController.m in Sources */ = {isa = PBXBuildFile; fileRef = 9FA5B43C1D18E588007FE68B /* TZPhotoPickerController.m */; };
		9FA5B44B1D18E588007FE68B /* TZPhotoPreviewCell.m in Sources */ = {isa = PBXBuildFile; fileRef = 9FA5B43E1D18E588007FE68B /* TZPhotoPreviewCell.m */; };
		9FA5B44C1D18E588007FE68B /* TZPhotoPreviewController.m in Sources */ = {isa = PBXBuildFile; fileRef = 9FA5B4401D18E588007FE68B /* TZPhotoPreviewController.m */; };
		9FA5B44D1D18E588007FE68B /* TZVideoPlayerController.m in Sources */ = {isa = PBXBuildFile; fileRef = 9FA5B4421D18E588007FE68B /* TZVideoPlayerController.m */; };
		9FA5B44E1D18E588007FE68B /* UIView+Layout.m in Sources */ = {isa = PBXBuildFile; fileRef = 9FA5B4441D18E588007FE68B /* UIView+Layout.m */; };
/* End PBXBuildFile section */

/* Begin PBXCopyFilesBuildPhase section */
		9F94BEE91D18A40000602E33 /* CopyFiles */ = {
			isa = PBXCopyFilesBuildPhase;
			buildActionMask = 2147483647;
			dstPath = "include/$(PRODUCT_NAME)";
			dstSubfolderSpec = 16;
			files = (
			);
			runOnlyForDeploymentPostprocessing = 0;
		};
/* End PBXCopyFilesBuildPhase section */

/* Begin PBXFileReference section */
		9C0084BB1E444A7F00BD25BB /* TZGifPhotoPreviewController.h */ = {isa = PBXFileReference; fileEncoding = 4; lastKnownFileType = sourcecode.c.h; path = TZGifPhotoPreviewController.h; sourceTree = "<group>"; };
		9C0084BC1E444A7F00BD25BB /* TZGifPhotoPreviewController.m */ = {isa = PBXFileReference; fileEncoding = 4; lastKnownFileType = sourcecode.c.objc; path = TZGifPhotoPreviewController.m; sourceTree = "<group>"; };
		9C0084BD1E444A7F00BD25BB /* TZImageCropManager.h */ = {isa = PBXFileReference; fileEncoding = 4; lastKnownFileType = sourcecode.c.h; path = TZImageCropManager.h; sourceTree = "<group>"; };
		9C0084BE1E444A7F00BD25BB /* TZImageCropManager.m */ = {isa = PBXFileReference; fileEncoding = 4; lastKnownFileType = sourcecode.c.objc; path = TZImageCropManager.m; sourceTree = "<group>"; };
		9C0084BF1E444A7F00BD25BB /* TZProgressView.h */ = {isa = PBXFileReference; fileEncoding = 4; lastKnownFileType = sourcecode.c.h; path = TZProgressView.h; sourceTree = "<group>"; };
		9C0084C01E444A7F00BD25BB /* TZProgressView.m */ = {isa = PBXFileReference; fileEncoding = 4; lastKnownFileType = sourcecode.c.objc; path = TZProgressView.m; sourceTree = "<group>"; };
		9F40B3E81D776C5C00DED250 /* NSBundle+TZImagePicker.h */ = {isa = PBXFileReference; fileEncoding = 4; lastKnownFileType = sourcecode.c.h; path = "NSBundle+TZImagePicker.h"; sourceTree = "<group>"; };
		9F40B3E91D776C5C00DED250 /* NSBundle+TZImagePicker.m */ = {isa = PBXFileReference; fileEncoding = 4; lastKnownFileType = sourcecode.c.objc; path = "NSBundle+TZImagePicker.m"; sourceTree = "<group>"; };
		9F94BE921D187EF500602E33 /* RCTMultipleImagePicker.h */ = {isa = PBXFileReference; lastKnownFileType = sourcecode.c.h; path = RCTMultipleImagePicker.h; sourceTree = "<group>"; };
		9F94BE941D187EF500602E33 /* RCTMultipleImagePicker.m */ = {isa = PBXFileReference; lastKnownFileType = sourcecode.c.objc; path = RCTMultipleImagePicker.m; sourceTree = "<group>"; };
		9F94BEEB1D18A40000602E33 /* libRCTMultipleImagePicker.a */ = {isa = PBXFileReference; explicitFileType = archive.ar; includeInIndex = 0; path = libRCTMultipleImagePicker.a; sourceTree = BUILT_PRODUCTS_DIR; };
		9FA5B4321D18E588007FE68B /* TZAssetCell.h */ = {isa = PBXFileReference; fileEncoding = 4; lastKnownFileType = sourcecode.c.h; path = TZAssetCell.h; sourceTree = "<group>"; };
		9FA5B4331D18E588007FE68B /* TZAssetCell.m */ = {isa = PBXFileReference; fileEncoding = 4; lastKnownFileType = sourcecode.c.objc; path = TZAssetCell.m; sourceTree = "<group>"; };
		9FA5B4341D18E588007FE68B /* TZAssetModel.h */ = {isa = PBXFileReference; fileEncoding = 4; lastKnownFileType = sourcecode.c.h; path = TZAssetModel.h; sourceTree = "<group>"; };
		9FA5B4351D18E588007FE68B /* TZAssetModel.m */ = {isa = PBXFileReference; fileEncoding = 4; lastKnownFileType = sourcecode.c.objc; path = TZAssetModel.m; sourceTree = "<group>"; };
		9FA5B4361D18E588007FE68B /* TZImageManager.h */ = {isa = PBXFileReference; fileEncoding = 4; lastKnownFileType = sourcecode.c.h; path = TZImageManager.h; sourceTree = "<group>"; };
		9FA5B4371D18E588007FE68B /* TZImageManager.m */ = {isa = PBXFileReference; fileEncoding = 4; lastKnownFileType = sourcecode.c.objc; path = TZImageManager.m; sourceTree = "<group>"; };
		9FA5B4381D18E588007FE68B /* TZImagePickerController.bundle */ = {isa = PBXFileReference; lastKnownFileType = "wrapper.plug-in"; path = TZImagePickerController.bundle; sourceTree = "<group>"; };
		9FA5B4391D18E588007FE68B /* TZImagePickerController.h */ = {isa = PBXFileReference; fileEncoding = 4; lastKnownFileType = sourcecode.c.h; path = TZImagePickerController.h; sourceTree = "<group>"; };
		9FA5B43A1D18E588007FE68B /* TZImagePickerController.m */ = {isa = PBXFileReference; fileEncoding = 4; lastKnownFileType = sourcecode.c.objc; path = TZImagePickerController.m; sourceTree = "<group>"; };
		9FA5B43B1D18E588007FE68B /* TZPhotoPickerController.h */ = {isa = PBXFileReference; fileEncoding = 4; lastKnownFileType = sourcecode.c.h; path = TZPhotoPickerController.h; sourceTree = "<group>"; };
		9FA5B43C1D18E588007FE68B /* TZPhotoPickerController.m */ = {isa = PBXFileReference; fileEncoding = 4; lastKnownFileType = sourcecode.c.objc; path = TZPhotoPickerController.m; sourceTree = "<group>"; };
		9FA5B43D1D18E588007FE68B /* TZPhotoPreviewCell.h */ = {isa = PBXFileReference; fileEncoding = 4; lastKnownFileType = sourcecode.c.h; path = TZPhotoPreviewCell.h; sourceTree = "<group>"; };
		9FA5B43E1D18E588007FE68B /* TZPhotoPreviewCell.m */ = {isa = PBXFileReference; fileEncoding = 4; lastKnownFileType = sourcecode.c.objc; path = TZPhotoPreviewCell.m; sourceTree = "<group>"; };
		9FA5B43F1D18E588007FE68B /* TZPhotoPreviewController.h */ = {isa = PBXFileReference; fileEncoding = 4; lastKnownFileType = sourcecode.c.h; path = TZPhotoPreviewController.h; sourceTree = "<group>"; };
		9FA5B4401D18E588007FE68B /* TZPhotoPreviewController.m */ = {isa = PBXFileReference; fileEncoding = 4; lastKnownFileType = sourcecode.c.objc; path = TZPhotoPreviewController.m; sourceTree = "<group>"; };
		9FA5B4411D18E588007FE68B /* TZVideoPlayerController.h */ = {isa = PBXFileReference; fileEncoding = 4; lastKnownFileType = sourcecode.c.h; path = TZVideoPlayerController.h; sourceTree = "<group>"; };
		9FA5B4421D18E588007FE68B /* TZVideoPlayerController.m */ = {isa = PBXFileReference; fileEncoding = 4; lastKnownFileType = sourcecode.c.objc; path = TZVideoPlayerController.m; sourceTree = "<group>"; };
		9FA5B4431D18E588007FE68B /* UIView+Layout.h */ = {isa = PBXFileReference; fileEncoding = 4; lastKnownFileType = sourcecode.c.h; path = "UIView+Layout.h"; sourceTree = "<group>"; };
		9FA5B4441D18E588007FE68B /* UIView+Layout.m */ = {isa = PBXFileReference; fileEncoding = 4; lastKnownFileType = sourcecode.c.objc; path = "UIView+Layout.m"; sourceTree = "<group>"; };
/* End PBXFileReference section */

/* Begin PBXFrameworksBuildPhase section */
		9F94BEE81D18A40000602E33 /* Frameworks */ = {
			isa = PBXFrameworksBuildPhase;
			buildActionMask = 2147483647;
			files = (
			);
			runOnlyForDeploymentPostprocessing = 0;
		};
/* End PBXFrameworksBuildPhase section */

/* Begin PBXGroup section */
		9F94BE671D187A7300602E33 = {
			isa = PBXGroup;
			children = (
				9FA5B42C1D18E562007FE68B /* Libraries */,
				9F94BE911D187EF500602E33 /* RCTMultipleImagePicker */,
				9F94BEEB1D18A40000602E33 /* libRCTMultipleImagePicker.a */,
			);
			sourceTree = "<group>";
		};
		9F94BE911D187EF500602E33 /* RCTMultipleImagePicker */ = {
			isa = PBXGroup;
			children = (
				9F94BE921D187EF500602E33 /* RCTMultipleImagePicker.h */,
				9F94BE941D187EF500602E33 /* RCTMultipleImagePicker.m */,
			);
			path = RCTMultipleImagePicker;
			sourceTree = "<group>";
		};
		9FA5B42C1D18E562007FE68B /* Libraries */ = {
			isa = PBXGroup;
			children = (
				9FA5B4311D18E588007FE68B /* TZImagePickerController */,
			);
			name = Libraries;
			sourceTree = "<group>";
		};
		9FA5B4311D18E588007FE68B /* TZImagePickerController */ = {
			isa = PBXGroup;
			children = (
				9C0084BB1E444A7F00BD25BB /* TZGifPhotoPreviewController.h */,
				9C0084BC1E444A7F00BD25BB /* TZGifPhotoPreviewController.m */,
				9C0084BD1E444A7F00BD25BB /* TZImageCropManager.h */,
				9C0084BE1E444A7F00BD25BB /* TZImageCropManager.m */,
				9C0084BF1E444A7F00BD25BB /* TZProgressView.h */,
				9C0084C01E444A7F00BD25BB /* TZProgressView.m */,
				9F40B3E81D776C5C00DED250 /* NSBundle+TZImagePicker.h */,
				9F40B3E91D776C5C00DED250 /* NSBundle+TZImagePicker.m */,
				9FA5B4321D18E588007FE68B /* TZAssetCell.h */,
				9FA5B4331D18E588007FE68B /* TZAssetCell.m */,
				9FA5B4341D18E588007FE68B /* TZAssetModel.h */,
				9FA5B4351D18E588007FE68B /* TZAssetModel.m */,
				9FA5B4361D18E588007FE68B /* TZImageManager.h */,
				9FA5B4371D18E588007FE68B /* TZImageManager.m */,
				9FA5B4381D18E588007FE68B /* TZImagePickerController.bundle */,
				9FA5B4391D18E588007FE68B /* TZImagePickerController.h */,
				9FA5B43A1D18E588007FE68B /* TZImagePickerController.m */,
				9FA5B43B1D18E588007FE68B /* TZPhotoPickerController.h */,
				9FA5B43C1D18E588007FE68B /* TZPhotoPickerController.m */,
				9FA5B43D1D18E588007FE68B /* TZPhotoPreviewCell.h */,
				9FA5B43E1D18E588007FE68B /* TZPhotoPreviewCell.m */,
				9FA5B43F1D18E588007FE68B /* TZPhotoPreviewController.h */,
				9FA5B4401D18E588007FE68B /* TZPhotoPreviewController.m */,
				9FA5B4411D18E588007FE68B /* TZVideoPlayerController.h */,
				9FA5B4421D18E588007FE68B /* TZVideoPlayerController.m */,
				9FA5B4431D18E588007FE68B /* UIView+Layout.h */,
				9FA5B4441D18E588007FE68B /* UIView+Layout.m */,
			);
			name = TZImagePickerController;
			path = TZImagePickerController/TZImagePickerController/TZImagePickerController;
			sourceTree = "<group>";
		};
/* End PBXGroup section */

/* Begin PBXNativeTarget section */
		9F94BEEA1D18A40000602E33 /* RCTMultipleImagePicker */ = {
			isa = PBXNativeTarget;
			buildConfigurationList = 9F94BEF11D18A40000602E33 /* Build configuration list for PBXNativeTarget "RCTMultipleImagePicker" */;
			buildPhases = (
				9F94BEE71D18A40000602E33 /* Sources */,
				9F94BEE81D18A40000602E33 /* Frameworks */,
				9F94BEE91D18A40000602E33 /* CopyFiles */,
			);
			buildRules = (
			);
			dependencies = (
			);
			name = RCTMultipleImagePicker;
			productName = RCTMultipleImagePicker;
			productReference = 9F94BEEB1D18A40000602E33 /* libRCTMultipleImagePicker.a */;
			productType = "com.apple.product-type.library.static";
		};
/* End PBXNativeTarget section */

/* Begin PBXProject section */
		9F94BE681D187A7300602E33 /* Project object */ = {
			isa = PBXProject;
			attributes = {
				LastUpgradeCheck = 0730;
				TargetAttributes = {
					9F94BEEA1D18A40000602E33 = {
						CreatedOnToolsVersion = 7.3.1;
					};
				};
			};
			buildConfigurationList = 9F94BE6B1D187A7300602E33 /* Build configuration list for PBXProject "RCTMultipleImagePicker" */;
			compatibilityVersion = "Xcode 3.2";
			developmentRegion = English;
			hasScannedForEncodings = 0;
			knownRegions = (
				en,
			);
			mainGroup = 9F94BE671D187A7300602E33;
			productRefGroup = 9F94BE671D187A7300602E33;
			projectDirPath = "";
			projectRoot = "";
			targets = (
				9F94BEEA1D18A40000602E33 /* RCTMultipleImagePicker */,
			);
		};
/* End PBXProject section */

/* Begin PBXSourcesBuildPhase section */
		9F94BEE71D18A40000602E33 /* Sources */ = {
			isa = PBXSourcesBuildPhase;
			buildActionMask = 2147483647;
			files = (
				9FA5B4471D18E588007FE68B /* TZAssetModel.m in Sources */,
				9C0084C21E444A7F00BD25BB /* TZImageCropManager.m in Sources */,
				9FA5B44B1D18E588007FE68B /* TZPhotoPreviewCell.m in Sources */,
				9FA5B4491D18E588007FE68B /* TZImagePickerController.m in Sources */,
				9F40B3EA1D776C5C00DED250 /* NSBundle+TZImagePicker.m in Sources */,
				9FA5B44D1D18E588007FE68B /* TZVideoPlayerController.m in Sources */,
				9F94BF341D18AAEC00602E33 /* RCTMultipleImagePicker.m in Sources */,
				9FA5B44A1D18E588007FE68B /* TZPhotoPickerController.m in Sources */,
				9FA5B4481D18E588007FE68B /* TZImageManager.m in Sources */,
				9C0084C31E444A7F00BD25BB /* TZProgressView.m in Sources */,
				9C0084C11E444A7F00BD25BB /* TZGifPhotoPreviewController.m in Sources */,
				9FA5B44E1D18E588007FE68B /* UIView+Layout.m in Sources */,
				9FA5B44C1D18E588007FE68B /* TZPhotoPreviewController.m in Sources */,
				9FA5B4461D18E588007FE68B /* TZAssetCell.m in Sources */,
			);
			runOnlyForDeploymentPostprocessing = 0;
		};
/* End PBXSourcesBuildPhase section */

/* Begin XCBuildConfiguration section */
		9F94BE6C1D187A7300602E33 /* Debug */ = {
			isa = XCBuildConfiguration;
			buildSettings = {
				HEADER_SEARCH_PATHS = (
					"$(SRCROOT)/../../node_modules/react-native/React/**",
					"$(SRCROOT)/../../react-native/React/**",
					"$(SRCROOT)/../Example/node_modules/react-native/React/**",
				);
				OTHER_LDFLAGS = "-ObjC";
				PRODUCT_NAME = "$(TARGET_NAME)";
				SKIP_INSTALL = YES;
			};
			name = Debug;
		};
		9F94BE6D1D187A7300602E33 /* Release */ = {
			isa = XCBuildConfiguration;
			buildSettings = {
				HEADER_SEARCH_PATHS = (
					"$(SRCROOT)/../../node_modules/react-native/React/**",
					"$(SRCROOT)/../../react-native/React/**",
					"$(SRCROOT)/../Example/node_modules/react-native/React/**",
				);
				OTHER_LDFLAGS = "-ObjC";
				PRODUCT_NAME = "$(TARGET_NAME)";
				SKIP_INSTALL = YES;
			};
			name = Release;
		};
		9F94BEF21D18A40000602E33 /* Debug */ = {
			isa = XCBuildConfiguration;
			buildSettings = {
				ALWAYS_SEARCH_USER_PATHS = NO;
				CLANG_ANALYZER_NONNULL = YES;
				CLANG_CXX_LANGUAGE_STANDARD = "gnu++0x";
				CLANG_CXX_LIBRARY = "libc++";
				CLANG_ENABLE_MODULES = YES;
				CLANG_ENABLE_OBJC_ARC = YES;
				CLANG_WARN_BOOL_CONVERSION = YES;
				CLANG_WARN_CONSTANT_CONVERSION = YES;
				CLANG_WARN_DIRECT_OBJC_ISA_USAGE = YES_ERROR;
				CLANG_WARN_EMPTY_BODY = YES;
				CLANG_WARN_ENUM_CONVERSION = YES;
				CLANG_WARN_INT_CONVERSION = YES;
				CLANG_WARN_OBJC_ROOT_CLASS = YES_ERROR;
				CLANG_WARN_UNREACHABLE_CODE = YES;
				CLANG_WARN__DUPLICATE_METHOD_MATCH = YES;
				"CODE_SIGN_IDENTITY[sdk=iphoneos*]" = "iPhone Developer";
				COPY_PHASE_STRIP = NO;
				DEBUG_INFORMATION_FORMAT = dwarf;
				ENABLE_STRICT_OBJC_MSGSEND = YES;
				ENABLE_TESTABILITY = YES;
				GCC_C_LANGUAGE_STANDARD = gnu99;
				GCC_DYNAMIC_NO_PIC = NO;
				GCC_NO_COMMON_BLOCKS = YES;
				GCC_OPTIMIZATION_LEVEL = 0;
				GCC_PREPROCESSOR_DEFINITIONS = (
					"DEBUG=1",
					"$(inherited)",
				);
				GCC_WARN_64_TO_32_BIT_CONVERSION = YES;
				GCC_WARN_ABOUT_RETURN_TYPE = YES_ERROR;
				GCC_WARN_UNDECLARED_SELECTOR = YES;
				GCC_WARN_UNINITIALIZED_AUTOS = YES_AGGRESSIVE;
				GCC_WARN_UNUSED_FUNCTION = YES;
				GCC_WARN_UNUSED_VARIABLE = YES;
				HEADER_SEARCH_PATHS = (
					"$(SRCROOT)/../node_modules/react-native/React/**",
					"$(SRCROOT)/../../react-native/React/**",
					"$(inherited)/**",
				);
				IPHONEOS_DEPLOYMENT_TARGET = 8.0;
				MTL_ENABLE_DEBUG_INFO = YES;
				ONLY_ACTIVE_ARCH = YES;
				OTHER_LDFLAGS = "-ObjC";
				PRODUCT_NAME = "$(TARGET_NAME)";
				SDKROOT = iphoneos;
				SKIP_INSTALL = YES;
			};
			name = Debug;
		};
		9F94BEF31D18A40000602E33 /* Release */ = {
			isa = XCBuildConfiguration;
			buildSettings = {
				ALWAYS_SEARCH_USER_PATHS = NO;
				CLANG_ANALYZER_NONNULL = YES;
				CLANG_CXX_LANGUAGE_STANDARD = "gnu++0x";
				CLANG_CXX_LIBRARY = "libc++";
				CLANG_ENABLE_MODULES = YES;
				CLANG_ENABLE_OBJC_ARC = YES;
				CLANG_WARN_BOOL_CONVERSION = YES;
				CLANG_WARN_CONSTANT_CONVERSION = YES;
				CLANG_WARN_DIRECT_OBJC_ISA_USAGE = YES_ERROR;
				CLANG_WARN_EMPTY_BODY = YES;
				CLANG_WARN_ENUM_CONVERSION = YES;
				CLANG_WARN_INT_CONVERSION = YES;
				CLANG_WARN_OBJC_ROOT_CLASS = YES_ERROR;
				CLANG_WARN_UNREACHABLE_CODE = YES;
				CLANG_WARN__DUPLICATE_METHOD_MATCH = YES;
				"CODE_SIGN_IDENTITY[sdk=iphoneos*]" = "iPhone Developer";
				COPY_PHASE_STRIP = NO;
				DEBUG_INFORMATION_FORMAT = "dwarf-with-dsym";
				ENABLE_NS_ASSERTIONS = NO;
				ENABLE_STRICT_OBJC_MSGSEND = YES;
				GCC_C_LANGUAGE_STANDARD = gnu99;
				GCC_NO_COMMON_BLOCKS = YES;
				GCC_WARN_64_TO_32_BIT_CONVERSION = YES;
				GCC_WARN_ABOUT_RETURN_TYPE = YES_ERROR;
				GCC_WARN_UNDECLARED_SELECTOR = YES;
				GCC_WARN_UNINITIALIZED_AUTOS = YES_AGGRESSIVE;
				GCC_WARN_UNUSED_FUNCTION = YES;
				GCC_WARN_UNUSED_VARIABLE = YES;
				HEADER_SEARCH_PATHS = (
					"$(SRCROOT)/../node_modules/react-native/React/**",
					"$(SRCROOT)/../../react-native/React/**",
					"$(inherited)/**",
				);
				IPHONEOS_DEPLOYMENT_TARGET = 8.0;
				MTL_ENABLE_DEBUG_INFO = NO;
				OTHER_LDFLAGS = "-ObjC";
				PRODUCT_NAME = "$(TARGET_NAME)";
				SDKROOT = iphoneos;
				SKIP_INSTALL = YES;
				VALIDATE_PRODUCT = YES;
			};
			name = Release;
		};
/* End XCBuildConfiguration section */

/* Begin XCConfigurationList section */
		9F94BE6B1D187A7300602E33 /* Build configuration list for PBXProject "RCTMultipleImagePicker" */ = {
			isa = XCConfigurationList;
			buildConfigurations = (
				9F94BE6C1D187A7300602E33 /* Debug */,
				9F94BE6D1D187A7300602E33 /* Release */,
			);
			defaultConfigurationIsVisible = 0;
			defaultConfigurationName = Release;
		};
		9F94BEF11D18A40000602E33 /* Build configuration list for PBXNativeTarget "RCTMultipleImagePicker" */ = {
			isa = XCConfigurationList;
			buildConfigurations = (
				9F94BEF21D18A40000602E33 /* Debug */,
				9F94BEF31D18A40000602E33 /* Release */,
			);
			defaultConfigurationIsVisible = 0;
			defaultConfigurationName = Release;
		};
/* End XCConfigurationList section */
	};
	rootObject = 9F94BE681D187A7300602E33 /* Project object */;
}
